
Microsoft Visual Studio Solution File, Format Version 12.00
# Visual Studio 15
VisualStudioVersion = 15.0.28307.572
MinimumVisualStudioVersion = 10.0.40219.1
Project("{FAE04EC0-301F-11D3-BF4B-00C04F79EFBC}") = "InvioRedis", "InvioRedis\InvioRedis.csproj", "{888AA342-3AE6-4134-AB3A-03E91D577DE7}"
EndProject
Global
	GlobalSection(SolutionConfigurationPlatforms) = preSolution
		Debug|Any CPU = Debug|Any CPU
		Release|Any CPU = Release|Any CPU
	EndGlobalSection
	GlobalSection(ProjectConfigurationPlatforms) = postSolution
		{888AA342-3AE6-4134-AB3A-03E91D577DE7}.Debug|Any CPU.ActiveCfg = Debug|Any CPU
		{888AA342-3AE6-4134-AB3A-03E91D577DE7}.Debug|Any CPU.Build.0 = Debug|Any CPU
		{888AA342-3AE6-4134-AB3A-03E91D577DE7}.Release|Any CPU.ActiveCfg = Release|Any CPU
		{888AA342-3AE6-4134-AB3A-03E91D577DE7}.Release|Any CPU.Build.0 = Release|Any CPU
	EndGlobalSection
	GlobalSection(SolutionProperties) = preSolution
		HideSolutionNode = FALSE
	EndGlobalSection
	GlobalSection(ExtensibilityGlobals) = postSolution
		SolutionGuid = {4367C7A0-1851-4E64-88E8-630426E2A62F}
	EndGlobalSection
EndGlobal
